
Microsoft Visual Studio Solution File, Format Version 12.00
# Visual Studio Version 17
VisualStudioVersion = 17.11.35327.3
MinimumVisualStudioVersion = 10.0.40219.1
Project("{9A19103F-16F7-4668-BE54-9A1E7A4F7556}") = "CyberCore.API", "CyberCore.API\CyberCore.API.csproj", "{B78B4F64-B3ED-4808-9F00-8DE4CCDFB49F}"
EndProject
Project("{9A19103F-16F7-4668-BE54-9A1E7A4F7556}") = "CyberCore.Domain", "CyberCore.Domain\CyberCore.Domain.csproj", "{A50C583C-B35F-4800-A140-60D478B1CB2C}"
EndProject
Project("{9A19103F-16F7-4668-BE54-9A1E7A4F7556}") = "CyberCore.Infrastructrure", "CyberCore.Infrastructrure\CyberCore.Infrastructrure.csproj", "{461E9F5E-632C-409D-B8E2-6E6EE715BD7A}"
EndProject
Project("{2150E333-8FDC-42A3-9474-1A3956D46DE8}") = "Src", "Src", "{4DFBE959-2F72-4BD8-89F8-2933B2E14680}"
EndProject
Project("{2150E333-8FDC-42A3-9474-1A3956D46DE8}") = "Tests", "Tests", "{A232D241-379E-4431-A84F-93DC67455B34}"
EndProject
Global
	GlobalSection(SolutionConfigurationPlatforms) = preSolution
		Debug|Any CPU = Debug|Any CPU
		Release|Any CPU = Release|Any CPU
	EndGlobalSection
	GlobalSection(ProjectConfigurationPlatforms) = postSolution
		{B78B4F64-B3ED-4808-9F00-8DE4CCDFB49F}.Debug|Any CPU.ActiveCfg = Debug|Any CPU
		{B78B4F64-B3ED-4808-9F00-8DE4CCDFB49F}.Debug|Any CPU.Build.0 = Debug|Any CPU
		{B78B4F64-B3ED-4808-9F00-8DE4CCDFB49F}.Release|Any CPU.ActiveCfg = Release|Any CPU
		{B78B4F64-B3ED-4808-9F00-8DE4CCDFB49F}.Release|Any CPU.Build.0 = Release|Any CPU
		{A50C583C-B35F-4800-A140-60D478B1CB2C}.Debug|Any CPU.ActiveCfg = Debug|Any CPU
		{A50C583C-B35F-4800-A140-60D478B1CB2C}.Debug|Any CPU.Build.0 = Debug|Any CPU
		{A50C583C-B35F-4800-A140-60D478B1CB2C}.Release|Any CPU.ActiveCfg = Release|Any CPU
		{A50C583C-B35F-4800-A140-60D478B1CB2C}.Release|Any CPU.Build.0 = Release|Any CPU
		{461E9F5E-632C-409D-B8E2-6E6EE715BD7A}.Debug|Any CPU.ActiveCfg = Debug|Any CPU
		{461E9F5E-632C-409D-B8E2-6E6EE715BD7A}.Debug|Any CPU.Build.0 = Debug|Any CPU
		{461E9F5E-632C-409D-B8E2-6E6EE715BD7A}.Release|Any CPU.ActiveCfg = Release|Any CPU
		{461E9F5E-632C-409D-B8E2-6E6EE715BD7A}.Release|Any CPU.Build.0 = Release|Any CPU
	EndGlobalSection
	GlobalSection(SolutionProperties) = preSolution
		HideSolutionNode = FALSE
	EndGlobalSection
	GlobalSection(NestedProjects) = preSolution
		{B78B4F64-B3ED-4808-9F00-8DE4CCDFB49F} = {4DFBE959-2F72-4BD8-89F8-2933B2E14680}
		{A50C583C-B35F-4800-A140-60D478B1CB2C} = {4DFBE959-2F72-4BD8-89F8-2933B2E14680}
		{461E9F5E-632C-409D-B8E2-6E6EE715BD7A} = {4DFBE959-2F72-4BD8-89F8-2933B2E14680}
	EndGlobalSection
	GlobalSection(ExtensibilityGlobals) = postSolution
		SolutionGuid = {8DA96230-EDFA-45DD-BD93-5386E5B65B40}
	EndGlobalSection
EndGlobal
